{
  "name": "IoT-Devices",
  "lockfileVersion": 3,
  "requires": true,
  "packages": {
    "": {
      "dependencies": {
        "unhead": "^2.1.12"
      }
    },
    "node_modules/hookable": {
      "version": "6.0.1",
      "resolved": "https://registry.npmjs.org/hookable/-/hookable-6.0.1.tgz",
      "integrity": "sha512-uKGyY8BuzN/a5gvzvA+3FVWo0+wUjgtfSdnmjtrOVwQCZPHpHDH2WRO3VZSOeluYrHoDCiXFffZXs8Dj1ULWtw==",
      "license": "MIT"
    },
    "node_modules/unhead": {
      "version": "2.1.12",
      "resolved": "https://registry.npmjs.org/unhead/-/unhead-2.1.12.tgz",
      "integrity": "sha512-iTHdWD9ztTunOErtfUFk6Wr11BxvzumcYJ0CzaSCBUOEtg+DUZ9+gnE99i8QkLFT2q1rZD48BYYGXpOZVDLYkA==",
      "license": "MIT",
      "dependencies": {
        "hookable": "^6.0.1"
      },
      "funding": {
        "url": "https://github.com/sponsors/harlan-zw"
      }
    }
  }
}
